
Microsoft Visual Studio Solution File, Format Version 12.00
# Visual Studio Version 16
VisualStudioVersion = 16.0.30517.126
MinimumVisualStudioVersion = 10.0.40219.1
Project("{FAE04EC0-301F-11D3-BF4B-00C04F79EFBC}") = "Фигуры 2", "Фигуры 2\Фигуры 2.csproj", "{935F5024-1A84-4790-A96D-6462C181CB3C}"
EndProject
Global
	GlobalSection(SolutionConfigurationPlatforms) = preSolution
		Debug|Any CPU = Debug|Any CPU
		Release|Any CPU = Release|Any CPU
	EndGlobalSection
	GlobalSection(ProjectConfigurationPlatforms) = postSolution
		{935F5024-1A84-4790-A96D-6462C181CB3C}.Debug|Any CPU.ActiveCfg = Debug|Any CPU
		{935F5024-1A84-4790-A96D-6462C181CB3C}.Debug|Any CPU.Build.0 = Debug|Any CPU
		{935F5024-1A84-4790-A96D-6462C181CB3C}.Release|Any CPU.ActiveCfg = Release|Any CPU
		{935F5024-1A84-4790-A96D-6462C181CB3C}.Release|Any CPU.Build.0 = Release|Any CPU
	EndGlobalSection
	GlobalSection(SolutionProperties) = preSolution
		HideSolutionNode = FALSE
	EndGlobalSection
	GlobalSection(ExtensibilityGlobals) = postSolution
		SolutionGuid = {56FC39B4-C38A-4120-8823-EC4C0DA6E69B}
	EndGlobalSection
EndGlobal
